
Microsoft Visual Studio Solution File, Format Version 12.00
# Visual Studio Version 17
VisualStudioVersion = 17.9.34728.123
MinimumVisualStudioVersion = 10.0.40219.1
Project("{FAE04EC0-301F-11D3-BF4B-00C04F79EFBC}") = "Playground.HLS", "Playground.HLS\Playground.HLS.csproj", "{CF653F5A-D87F-4B2F-B257-94D2524D2B7E}"
EndProject
Global
	GlobalSection(SolutionConfigurationPlatforms) = preSolution
		Debug|Any CPU = Debug|Any CPU
		Release|Any CPU = Release|Any CPU
	EndGlobalSection
	GlobalSection(ProjectConfigurationPlatforms) = postSolution
		{CF653F5A-D87F-4B2F-B257-94D2524D2B7E}.Debug|Any CPU.ActiveCfg = Debug|Any CPU
		{CF653F5A-D87F-4B2F-B257-94D2524D2B7E}.Debug|Any CPU.Build.0 = Debug|Any CPU
		{CF653F5A-D87F-4B2F-B257-94D2524D2B7E}.Release|Any CPU.ActiveCfg = Release|Any CPU
		{CF653F5A-D87F-4B2F-B257-94D2524D2B7E}.Release|Any CPU.Build.0 = Release|Any CPU
	EndGlobalSection
	GlobalSection(SolutionProperties) = preSolution
		HideSolutionNode = FALSE
	EndGlobalSection
	GlobalSection(ExtensibilityGlobals) = postSolution
		SolutionGuid = {45F2BE53-DB7B-42B0-82CD-0CACA524F289}
	EndGlobalSection
EndGlobal
